// !$*UTF8*$!
{
	archiveVersion = 1;
	classes = {
	};
	objectVersion = 55;
	objects = {

/* Begin PBXBuildFile section */
		93233D7A2A59C9ED001D28E5 /* AppDelegate.swift in Sources */ = {isa = PBXBuildFile; fileRef = 93233D792A59C9ED001D28E5 /* AppDelegate.swift */; };
		93233D7C2A59C9ED001D28E5 /* SceneDelegate.swift in Sources */ = {isa = PBXBuildFile; fileRef = 93233D7B2A59C9ED001D28E5 /* SceneDelegate.swift */; };
		93233D812A59C9EE001D28E5 /* Main.storyboard in Resources */ = {isa = PBXBuildFile; fileRef = 93233D7F2A59C9EE001D28E5 /* Main.storyboard */; };
		93233D832A59C9EF001D28E5 /* Assets.xcassets in Resources */ = {isa = PBXBuildFile; fileRef = 93233D822A59C9EF001D28E5 /* Assets.xcassets */; };
		93233D862A59C9EF001D28E5 /* LaunchScreen.storyboard in Resources */ = {isa = PBXBuildFile; fileRef = 93233D842A59C9EF001D28E5 /* LaunchScreen.storyboard */; };
		93233D912A59C9EF001D28E5 /* KnowThemAllTests.swift in Sources */ = {isa = PBXBuildFile; fileRef = 93233D902A59C9EF001D28E5 /* KnowThemAllTests.swift */; };
		93233D9B2A59C9EF001D28E5 /* KnowThemAllUITests.swift in Sources */ = {isa = PBXBuildFile; fileRef = 93233D9A2A59C9EF001D28E5 /* KnowThemAllUITests.swift */; };
		93233D9D2A59C9EF001D28E5 /* KnowThemAllUITestsLaunchTests.swift in Sources */ = {isa = PBXBuildFile; fileRef = 93233D9C2A59C9EF001D28E5 /* KnowThemAllUITestsLaunchTests.swift */; };
		93233DAA2A5C4D5D001D28E5 /* MainScreen.swift in Sources */ = {isa = PBXBuildFile; fileRef = 93233DA92A5C4D5D001D28E5 /* MainScreen.swift */; };
		93233DAD2A5C4FF6001D28E5 /* SnapKit in Frameworks */ = {isa = PBXBuildFile; productRef = 93233DAC2A5C4FF6001D28E5 /* SnapKit */; };
		93233DAF2A5C50DE001D28E5 /* PokeCell.swift in Sources */ = {isa = PBXBuildFile; fileRef = 93233DAE2A5C50DE001D28E5 /* PokeCell.swift */; };
		93233DB12A5C5126001D28E5 /* Extensions.swift in Sources */ = {isa = PBXBuildFile; fileRef = 93233DB02A5C5126001D28E5 /* Extensions.swift */; };
		93233DB52A5C5484001D28E5 /* Lato-Bold.ttf in Resources */ = {isa = PBXBuildFile; fileRef = 93233DB42A5C5470001D28E5 /* Lato-Bold.ttf */; };
		93233DB62A5C5486001D28E5 /* Lato-Regular.ttf in Resources */ = {isa = PBXBuildFile; fileRef = 93233DB32A5C5470001D28E5 /* Lato-Regular.ttf */; };
		93233DBB2A5C67F1001D28E5 /* PokeModel.swift in Sources */ = {isa = PBXBuildFile; fileRef = 93233DBA2A5C67F1001D28E5 /* PokeModel.swift */; };
		93233DBD2A5C7486001D28E5 /* PokeManager.swift in Sources */ = {isa = PBXBuildFile; fileRef = 93233DBC2A5C7486001D28E5 /* PokeManager.swift */; };
		9369CF052A5DB15600C70C9C /* HeaderView.swift in Sources */ = {isa = PBXBuildFile; fileRef = 9369CF042A5DB15600C70C9C /* HeaderView.swift */; };
		9369CF092A5DC1A300C70C9C /* PokeDetailView.swift in Sources */ = {isa = PBXBuildFile; fileRef = 9369CF082A5DC1A300C70C9C /* PokeDetailView.swift */; };
		936F43512A5D879D00E90E0F /* PokeData.swift in Sources */ = {isa = PBXBuildFile; fileRef = 936F43502A5D879D00E90E0F /* PokeData.swift */; };
		9381E9A12A782E3E00F45274 /* README.md in Resources */ = {isa = PBXBuildFile; fileRef = 9381E9A02A782E3E00F45274 /* README.md */; };
		93DFF05E2A682BE100CE9647 /* PokeDetailViewModel.swift in Sources */ = {isa = PBXBuildFile; fileRef = 93DFF05D2A682BE100CE9647 /* PokeDetailViewModel.swift */; };
		93DFF0602A683C3600CE9647 /* CustomSegmentedControl.swift in Sources */ = {isa = PBXBuildFile; fileRef = 93DFF05F2A683C3600CE9647 /* CustomSegmentedControl.swift */; };
		93DFF0622A69699F00CE9647 /* StatsTableViewCell.swift in Sources */ = {isa = PBXBuildFile; fileRef = 93DFF0612A69699F00CE9647 /* StatsTableViewCell.swift */; };
		93DFF0652A6AD83D00CE9647 /* RxSwift in Frameworks */ = {isa = PBXBuildFile; productRef = 93DFF0642A6AD83D00CE9647 /* RxSwift */; };
		B060395148178035834BDC56 /* Pods_KnowThemAllTests.framework in Frameworks */ = {isa = PBXBuildFile; fileRef = B57FC383553CAAD3CC9A83FC /* Pods_KnowThemAllTests.framework */; };
		E1A2C111F4669B471E0CFC73 /* Pods_KnowThemAll_KnowThemAllUITests.framework in Frameworks */ = {isa = PBXBuildFile; fileRef = FAF26F6EFB617CAD9414D585 /* Pods_KnowThemAll_KnowThemAllUITests.framework */; };
		E4348AF53B161C92486FCDCA /* Pods_KnowThemAll.framework in Frameworks */ = {isa = PBXBuildFile; fileRef = A0C819B23BE000534CEF51AE /* Pods_KnowThemAll.framework */; };
/* End PBXBuildFile section */

/* Begin PBXContainerItemProxy section */
		93233D8D2A59C9EF001D28E5 /* PBXContainerItemProxy */ = {
			isa = PBXContainerItemProxy;
			containerPortal = 93233D6E2A59C9ED001D28E5 /* Project object */;
			proxyType = 1;
			remoteGlobalIDString = 93233D752A59C9ED001D28E5;
			remoteInfo = KnowThemAll;
		};
		93233D972A59C9EF001D28E5 /* PBXContainerItemProxy */ = {
			isa = PBXContainerItemProxy;
			containerPortal = 93233D6E2A59C9ED001D28E5 /* Project object */;
			proxyType = 1;
			remoteGlobalIDString = 93233D752A59C9ED001D28E5;
			remoteInfo = KnowThemAll;
		};
/* End PBXContainerItemProxy section */

/* Begin PBXFileReference section */
		01BD707A708C08CCCA2FD299 /* Pods-KnowThemAll-KnowThemAllUITests.release.xcconfig */ = {isa = PBXFileReference; includeInIndex = 1; lastKnownFileType = text.xcconfig; name = "Pods-KnowThemAll-KnowThemAllUITests.release.xcconfig"; path = "Target Support Files/Pods-KnowThemAll-KnowThemAllUITests/Pods-KnowThemAll-KnowThemAllUITests.release.xcconfig"; sourceTree = "<group>"; };
		5856526F21F7195DC64F304F /* Pods-KnowThemAll-KnowThemAllUITests.debug.xcconfig */ = {isa = PBXFileReference; includeInIndex = 1; lastKnownFileType = text.xcconfig; name = "Pods-KnowThemAll-KnowThemAllUITests.debug.xcconfig"; path = "Target Support Files/Pods-KnowThemAll-KnowThemAllUITests/Pods-KnowThemAll-KnowThemAllUITests.debug.xcconfig"; sourceTree = "<group>"; };
		61F80929AFD02EE52C3F84D0 /* Pods-KnowThemAllTests.release.xcconfig */ = {isa = PBXFileReference; includeInIndex = 1; lastKnownFileType = text.xcconfig; name = "Pods-KnowThemAllTests.release.xcconfig"; path = "Target Support Files/Pods-KnowThemAllTests/Pods-KnowThemAllTests.release.xcconfig"; sourceTree = "<group>"; };
		93233D762A59C9ED001D28E5 /* KnowThemAll.app */ = {isa = PBXFileReference; explicitFileType = wrapper.application; includeInIndex = 0; path = KnowThemAll.app; sourceTree = BUILT_PRODUCTS_DIR; };
		93233D792A59C9ED001D28E5 /* AppDelegate.swift */ = {isa = PBXFileReference; lastKnownFileType = sourcecode.swift; path = AppDelegate.swift; sourceTree = "<group>"; };
		93233D7B2A59C9ED001D28E5 /* SceneDelegate.swift */ = {isa = PBXFileReference; lastKnownFileType = sourcecode.swift; path = SceneDelegate.swift; sourceTree = "<group>"; };
		93233D802A59C9EE001D28E5 /* Base */ = {isa = PBXFileReference; lastKnownFileType = file.storyboard; name = Base; path = Base.lproj/Main.storyboard; sourceTree = "<group>"; };
		93233D822A59C9EF001D28E5 /* Assets.xcassets */ = {isa = PBXFileReference; lastKnownFileType = folder.assetcatalog; path = Assets.xcassets; sourceTree = "<group>"; };
		93233D852A59C9EF001D28E5 /* Base */ = {isa = PBXFileReference; lastKnownFileType = file.storyboard; name = Base; path = Base.lproj/LaunchScreen.storyboard; sourceTree = "<group>"; };
		93233D872A59C9EF001D28E5 /* Info.plist */ = {isa = PBXFileReference; lastKnownFileType = text.plist.xml; path = Info.plist; sourceTree = "<group>"; };
		93233D8C2A59C9EF001D28E5 /* KnowThemAllTests.xctest */ = {isa = PBXFileReference; explicitFileType = wrapper.cfbundle; includeInIndex = 0; path = KnowThemAllTests.xctest; sourceTree = BUILT_PRODUCTS_DIR; };
		93233D902A59C9EF001D28E5 /* KnowThemAllTests.swift */ = {isa = PBXFileReference; lastKnownFileType = sourcecode.swift; path = KnowThemAllTests.swift; sourceTree = "<group>"; };
		93233D962A59C9EF001D28E5 /* KnowThemAllUITests.xctest */ = {isa = PBXFileReference; explicitFileType = wrapper.cfbundle; includeInIndex = 0; path = KnowThemAllUITests.xctest; sourceTree = BUILT_PRODUCTS_DIR; };
		93233D9A2A59C9EF001D28E5 /* KnowThemAllUITests.swift */ = {isa = PBXFileReference; lastKnownFileType = sourcecode.swift; path = KnowThemAllUITests.swift; sourceTree = "<group>"; };
		93233D9C2A59C9EF001D28E5 /* KnowThemAllUITestsLaunchTests.swift */ = {isa = PBXFileReference; lastKnownFileType = sourcecode.swift; path = KnowThemAllUITestsLaunchTests.swift; sourceTree = "<group>"; };
		93233DA92A5C4D5D001D28E5 /* MainScreen.swift */ = {isa = PBXFileReference; lastKnownFileType = sourcecode.swift; path = MainScreen.swift; sourceTree = "<group>"; };
		93233DAE2A5C50DE001D28E5 /* PokeCell.swift */ = {isa = PBXFileReference; lastKnownFileType = sourcecode.swift; path = PokeCell.swift; sourceTree = "<group>"; };
		93233DB02A5C5126001D28E5 /* Extensions.swift */ = {isa = PBXFileReference; lastKnownFileType = sourcecode.swift; path = Extensions.swift; sourceTree = "<group>"; };
		93233DB32A5C5470001D28E5 /* Lato-Regular.ttf */ = {isa = PBXFileReference; lastKnownFileType = file; path = "Lato-Regular.ttf"; sourceTree = "<group>"; };
		93233DB42A5C5470001D28E5 /* Lato-Bold.ttf */ = {isa = PBXFileReference; lastKnownFileType = file; path = "Lato-Bold.ttf"; sourceTree = "<group>"; };
		93233DBA2A5C67F1001D28E5 /* PokeModel.swift */ = {isa = PBXFileReference; lastKnownFileType = sourcecode.swift; path = PokeModel.swift; sourceTree = "<group>"; };
		93233DBC2A5C7486001D28E5 /* PokeManager.swift */ = {isa = PBXFileReference; lastKnownFileType = sourcecode.swift; path = PokeManager.swift; sourceTree = "<group>"; };
		9369CF042A5DB15600C70C9C /* HeaderView.swift */ = {isa = PBXFileReference; lastKnownFileType = sourcecode.swift; path = HeaderView.swift; sourceTree = "<group>"; };
		9369CF082A5DC1A300C70C9C /* PokeDetailView.swift */ = {isa = PBXFileReference; lastKnownFileType = sourcecode.swift; path = PokeDetailView.swift; sourceTree = "<group>"; };
		936F43502A5D879D00E90E0F /* PokeData.swift */ = {isa = PBXFileReference; lastKnownFileType = sourcecode.swift; path = PokeData.swift; sourceTree = "<group>"; };
		9381E9A02A782E3E00F45274 /* README.md */ = {isa = PBXFileReference; fileEncoding = 4; lastKnownFileType = net.daringfireball.markdown; path = README.md; sourceTree = "<group>"; };
		93DFF05D2A682BE100CE9647 /* PokeDetailViewModel.swift */ = {isa = PBXFileReference; lastKnownFileType = sourcecode.swift; path = PokeDetailViewModel.swift; sourceTree = "<group>"; };
		93DFF05F2A683C3600CE9647 /* CustomSegmentedControl.swift */ = {isa = PBXFileReference; lastKnownFileType = sourcecode.swift; path = CustomSegmentedControl.swift; sourceTree = "<group>"; };
		93DFF0612A69699F00CE9647 /* StatsTableViewCell.swift */ = {isa = PBXFileReference; lastKnownFileType = sourcecode.swift; path = StatsTableViewCell.swift; sourceTree = "<group>"; };
		A0C819B23BE000534CEF51AE /* Pods_KnowThemAll.framework */ = {isa = PBXFileReference; explicitFileType = wrapper.framework; includeInIndex = 0; path = Pods_KnowThemAll.framework; sourceTree = BUILT_PRODUCTS_DIR; };
		B2A8ED3661011DC2C1135AC9 /* Pods-KnowThemAll.release.xcconfig */ = {isa = PBXFileReference; includeInIndex = 1; lastKnownFileType = text.xcconfig; name = "Pods-KnowThemAll.release.xcconfig"; path = "Target Support Files/Pods-KnowThemAll/Pods-KnowThemAll.release.xcconfig"; sourceTree = "<group>"; };
		B57FC383553CAAD3CC9A83FC /* Pods_KnowThemAllTests.framework */ = {isa = PBXFileReference; explicitFileType = wrapper.framework; includeInIndex = 0; path = Pods_KnowThemAllTests.framework; sourceTree = BUILT_PRODUCTS_DIR; };
		C075142805D032B84A5A56AD /* Pods-KnowThemAllTests.debug.xcconfig */ = {isa = PBXFileReference; includeInIndex = 1; lastKnownFileType = text.xcconfig; name = "Pods-KnowThemAllTests.debug.xcconfig"; path = "Target Support Files/Pods-KnowThemAllTests/Pods-KnowThemAllTests.debug.xcconfig"; sourceTree = "<group>"; };
		EFFDD86634BDAB4B8A3746A4 /* Pods-KnowThemAll.debug.xcconfig */ = {isa = PBXFileReference; includeInIndex = 1; lastKnownFileType = text.xcconfig; name = "Pods-KnowThemAll.debug.xcconfig"; path = "Target Support Files/Pods-KnowThemAll/Pods-KnowThemAll.debug.xcconfig"; sourceTree = "<group>"; };
		FAF26F6EFB617CAD9414D585 /* Pods_KnowThemAll_KnowThemAllUITests.framework */ = {isa = PBXFileReference; explicitFileType = wrapper.framework; includeInIndex = 0; path = Pods_KnowThemAll_KnowThemAllUITests.framework; sourceTree = BUILT_PRODUCTS_DIR; };
/* End PBXFileReference section */

/* Begin PBXFrameworksBuildPhase section */
		93233D732A59C9ED001D28E5 /* Frameworks */ = {
			isa = PBXFrameworksBuildPhase;
			buildActionMask = 2147483647;
			files = (
				93DFF0652A6AD83D00CE9647 /* RxSwift in Frameworks */,
				93233DAD2A5C4FF6001D28E5 /* SnapKit in Frameworks */,
				E4348AF53B161C92486FCDCA /* Pods_KnowThemAll.framework in Frameworks */,
			);
			runOnlyForDeploymentPostprocessing = 0;
		};
		93233D892A59C9EF001D28E5 /* Frameworks */ = {
			isa = PBXFrameworksBuildPhase;
			buildActionMask = 2147483647;
			files = (
				B060395148178035834BDC56 /* Pods_KnowThemAllTests.framework in Frameworks */,
			);
			runOnlyForDeploymentPostprocessing = 0;
		};
		93233D932A59C9EF001D28E5 /* Frameworks */ = {
			isa = PBXFrameworksBuildPhase;
			buildActionMask = 2147483647;
			files = (
				E1A2C111F4669B471E0CFC73 /* Pods_KnowThemAll_KnowThemAllUITests.framework in Frameworks */,
			);
			runOnlyForDeploymentPostprocessing = 0;
		};
/* End PBXFrameworksBuildPhase section */

/* Begin PBXGroup section */
		491D86EF56257DDC1DD445CE /* Pods */ = {
			isa = PBXGroup;
			children = (
				EFFDD86634BDAB4B8A3746A4 /* Pods-KnowThemAll.debug.xcconfig */,
				B2A8ED3661011DC2C1135AC9 /* Pods-KnowThemAll.release.xcconfig */,
				5856526F21F7195DC64F304F /* Pods-KnowThemAll-KnowThemAllUITests.debug.xcconfig */,
				01BD707A708C08CCCA2FD299 /* Pods-KnowThemAll-KnowThemAllUITests.release.xcconfig */,
				C075142805D032B84A5A56AD /* Pods-KnowThemAllTests.debug.xcconfig */,
				61F80929AFD02EE52C3F84D0 /* Pods-KnowThemAllTests.release.xcconfig */,
			);
			path = Pods;
			sourceTree = "<group>";
		};
		93233D6D2A59C9ED001D28E5 = {
			isa = PBXGroup;
			children = (
				9381E9A02A782E3E00F45274 /* README.md */,
				93233D782A59C9ED001D28E5 /* KnowThemAll */,
				93233D8F2A59C9EF001D28E5 /* KnowThemAllTests */,
				93233D992A59C9EF001D28E5 /* KnowThemAllUITests */,
				93233D772A59C9ED001D28E5 /* Products */,
				93DFF06A2A6AEC9F00CE9647 /* Frameworks */,
				491D86EF56257DDC1DD445CE /* Pods */,
			);
			sourceTree = "<group>";
		};
		93233D772A59C9ED001D28E5 /* Products */ = {
			isa = PBXGroup;
			children = (
				93233D762A59C9ED001D28E5 /* KnowThemAll.app */,
				93233D8C2A59C9EF001D28E5 /* KnowThemAllTests.xctest */,
				93233D962A59C9EF001D28E5 /* KnowThemAllUITests.xctest */,
			);
			name = Products;
			sourceTree = "<group>";
		};
		93233D782A59C9ED001D28E5 /* KnowThemAll */ = {
			isa = PBXGroup;
			children = (
				93233D792A59C9ED001D28E5 /* AppDelegate.swift */,
				93233D7B2A59C9ED001D28E5 /* SceneDelegate.swift */,
				93233DBE2A5C74CA001D28E5 /* ViewModel */,
				9369CF062A5DC0DE00C70C9C /* Model */,
				9369CF072A5DC11200C70C9C /* View */,
				93233DB22A5C5428001D28E5 /* Fonts */,
				93233D7F2A59C9EE001D28E5 /* Main.storyboard */,
				93233D822A59C9EF001D28E5 /* Assets.xcassets */,
				93233D842A59C9EF001D28E5 /* LaunchScreen.storyboard */,
				93233D872A59C9EF001D28E5 /* Info.plist */,
			);
			path = KnowThemAll;
			sourceTree = "<group>";
		};
		93233D8F2A59C9EF001D28E5 /* KnowThemAllTests */ = {
			isa = PBXGroup;
			children = (
				93233D902A59C9EF001D28E5 /* KnowThemAllTests.swift */,
			);
			path = KnowThemAllTests;
			sourceTree = "<group>";
		};
		93233D992A59C9EF001D28E5 /* KnowThemAllUITests */ = {
			isa = PBXGroup;
			children = (
				93233D9A2A59C9EF001D28E5 /* KnowThemAllUITests.swift */,
				93233D9C2A59C9EF001D28E5 /* KnowThemAllUITestsLaunchTests.swift */,
			);
			path = KnowThemAllUITests;
			sourceTree = "<group>";
		};
		93233DB22A5C5428001D28E5 /* Fonts */ = {
			isa = PBXGroup;
			children = (
				93233DB42A5C5470001D28E5 /* Lato-Bold.ttf */,
				93233DB32A5C5470001D28E5 /* Lato-Regular.ttf */,
			);
			path = Fonts;
			sourceTree = "<group>";
		};
		93233DBE2A5C74CA001D28E5 /* ViewModel */ = {
			isa = PBXGroup;
			children = (
				93233DA92A5C4D5D001D28E5 /* MainScreen.swift */,
				93DFF05D2A682BE100CE9647 /* PokeDetailViewModel.swift */,
			);
			path = ViewModel;
			sourceTree = "<group>";
		};
		9369CF062A5DC0DE00C70C9C /* Model */ = {
			isa = PBXGroup;
			children = (
				93233DB02A5C5126001D28E5 /* Extensions.swift */,
				93233DBC2A5C7486001D28E5 /* PokeManager.swift */,
				93233DBA2A5C67F1001D28E5 /* PokeModel.swift */,
				936F43502A5D879D00E90E0F /* PokeData.swift */,
			);
			path = Model;
			sourceTree = "<group>";
		};
		9369CF072A5DC11200C70C9C /* View */ = {
			isa = PBXGroup;
			children = (
				9369CF082A5DC1A300C70C9C /* PokeDetailView.swift */,
				93DFF05F2A683C3600CE9647 /* CustomSegmentedControl.swift */,
				9369CF042A5DB15600C70C9C /* HeaderView.swift */,
				93233DAE2A5C50DE001D28E5 /* PokeCell.swift */,
				93DFF0612A69699F00CE9647 /* StatsTableViewCell.swift */,
			);
			path = View;
			sourceTree = "<group>";
		};
		93DFF06A2A6AEC9F00CE9647 /* Frameworks */ = {
			isa = PBXGroup;
			children = (
				A0C819B23BE000534CEF51AE /* Pods_KnowThemAll.framework */,
				FAF26F6EFB617CAD9414D585 /* Pods_KnowThemAll_KnowThemAllUITests.framework */,
				B57FC383553CAAD3CC9A83FC /* Pods_KnowThemAllTests.framework */,
			);
			name = Frameworks;
			sourceTree = "<group>";
		};
/* End PBXGroup section */

/* Begin PBXNativeTarget section */
		93233D752A59C9ED001D28E5 /* KnowThemAll */ = {
			isa = PBXNativeTarget;
			buildConfigurationList = 93233DA02A59C9EF001D28E5 /* Build configuration list for PBXNativeTarget "KnowThemAll" */;
			buildPhases = (
				3FB05953824F909A0345BA94 /* [CP] Check Pods Manifest.lock */,
				93233D722A59C9ED001D28E5 /* Sources */,
				93233D732A59C9ED001D28E5 /* Frameworks */,
				93233D742A59C9ED001D28E5 /* Resources */,
				D308E2D092775BCEFF1C3A53 /* [CP] Embed Pods Frameworks */,
			);
			buildRules = (
			);
			dependencies = (
			);
			name = KnowThemAll;
			packageProductDependencies = (
				93233DAC2A5C4FF6001D28E5 /* SnapKit */,
				93DFF0642A6AD83D00CE9647 /* RxSwift */,
			);
			productName = KnowThemAll;
			productReference = 93233D762A59C9ED001D28E5 /* KnowThemAll.app */;
			productType = "com.apple.product-type.application";
		};
		93233D8B2A59C9EF001D28E5 /* KnowThemAllTests */ = {
			isa = PBXNativeTarget;
			buildConfigurationList = 93233DA32A59C9EF001D28E5 /* Build configuration list for PBXNativeTarget "KnowThemAllTests" */;
			buildPhases = (
				D8AF1EA2A14B575FE29E268E /* [CP] Check Pods Manifest.lock */,
				93233D882A59C9EF001D28E5 /* Sources */,
				93233D892A59C9EF001D28E5 /* Frameworks */,
				93233D8A2A59C9EF001D28E5 /* Resources */,
				64C95D2469F1062F63563B8C /* [CP] Embed Pods Frameworks */,
			);
			buildRules = (
			);
			dependencies = (
				93233D8E2A59C9EF001D28E5 /* PBXTargetDependency */,
			);
			name = KnowThemAllTests;
			productName = KnowThemAllTests;
			productReference = 93233D8C2A59C9EF001D28E5 /* KnowThemAllTests.xctest */;
			productType = "com.apple.product-type.bundle.unit-test";
		};
		93233D952A59C9EF001D28E5 /* KnowThemAllUITests */ = {
			isa = PBXNativeTarget;
			buildConfigurationList = 93233DA62A59C9EF001D28E5 /* Build configuration list for PBXNativeTarget "KnowThemAllUITests" */;
			buildPhases = (
				569F35D13E271A19E6D1DD65 /* [CP] Check Pods Manifest.lock */,
				93233D922A59C9EF001D28E5 /* Sources */,
				93233D932A59C9EF001D28E5 /* Frameworks */,
				93233D942A59C9EF001D28E5 /* Resources */,
				549DBDC11A48EB4A6F4EE002 /* [CP] Embed Pods Frameworks */,
			);
			buildRules = (
			);
			dependencies = (
				93233D982A59C9EF001D28E5 /* PBXTargetDependency */,
			);
			name = KnowThemAllUITests;
			productName = KnowThemAllUITests;
			productReference = 93233D962A59C9EF001D28E5 /* KnowThemAllUITests.xctest */;
			productType = "com.apple.product-type.bundle.ui-testing";
		};
/* End PBXNativeTarget section */

/* Begin PBXProject section */
		93233D6E2A59C9ED001D28E5 /* Project object */ = {
			isa = PBXProject;
			attributes = {
				BuildIndependentTargetsInParallel = 1;
				LastSwiftUpdateCheck = 1430;
				LastUpgradeCheck = 1430;
				TargetAttributes = {
					93233D752A59C9ED001D28E5 = {
						CreatedOnToolsVersion = 14.3.1;
					};
					93233D8B2A59C9EF001D28E5 = {
						CreatedOnToolsVersion = 14.3.1;
						TestTargetID = 93233D752A59C9ED001D28E5;
					};
					93233D952A59C9EF001D28E5 = {
						CreatedOnToolsVersion = 14.3.1;
						TestTargetID = 93233D752A59C9ED001D28E5;
					};
				};
			};
			buildConfigurationList = 93233D712A59C9ED001D28E5 /* Build configuration list for PBXProject "KnowThemAll" */;
			compatibilityVersion = "Xcode 13.0";
			developmentRegion = en;
			hasScannedForEncodings = 0;
			knownRegions = (
				en,
				Base,
			);
			mainGroup = 93233D6D2A59C9ED001D28E5;
			packageReferences = (
				93233DAB2A5C4FF6001D28E5 /* XCRemoteSwiftPackageReference "SnapKit" */,
				93DFF0632A6AD83D00CE9647 /* XCRemoteSwiftPackageReference "RxSwift" */,
			);
			productRefGroup = 93233D772A59C9ED001D28E5 /* Products */;
			projectDirPath = "";
			projectRoot = "";
			targets = (
				93233D752A59C9ED001D28E5 /* KnowThemAll */,
				93233D8B2A59C9EF001D28E5 /* KnowThemAllTests */,
				93233D952A59C9EF001D28E5 /* KnowThemAllUITests */,
			);
		};
/* End PBXProject section */

/* Begin PBXResourcesBuildPhase section */
		93233D742A59C9ED001D28E5 /* Resources */ = {
			isa = PBXResourcesBuildPhase;
			buildActionMask = 2147483647;
			files = (
				9381E9A12A782E3E00F45274 /* README.md in Resources */,
				93233D862A59C9EF001D28E5 /* LaunchScreen.storyboard in Resources */,
				93233D832A59C9EF001D28E5 /* Assets.xcassets in Resources */,
				93233DB62A5C5486001D28E5 /* Lato-Regular.ttf in Resources */,
				93233D812A59C9EE001D28E5 /* Main.storyboard in Resources */,
				93233DB52A5C5484001D28E5 /* Lato-Bold.ttf in Resources */,
			);
			runOnlyForDeploymentPostprocessing = 0;
		};
		93233D8A2A59C9EF001D28E5 /* Resources */ = {
			isa = PBXResourcesBuildPhase;
			buildActionMask = 2147483647;
			files = (
			);
			runOnlyForDeploymentPostprocessing = 0;
		};
		93233D942A59C9EF001D28E5 /* Resources */ = {
			isa = PBXResourcesBuildPhase;
			buildActionMask = 2147483647;
			files = (
			);
			runOnlyForDeploymentPostprocessing = 0;
		};
/* End PBXResourcesBuildPhase section */

/* Begin PBXShellScriptBuildPhase section */
		3FB05953824F909A0345BA94 /* [CP] Check Pods Manifest.lock */ = {
			isa = PBXShellScriptBuildPhase;
			buildActionMask = 2147483647;
			files = (
			);
			inputFileListPaths = (
			);
			inputPaths = (
				"${PODS_PODFILE_DIR_PATH}/Podfile.lock",
				"${PODS_ROOT}/Manifest.lock",
			);
			name = "[CP] Check Pods Manifest.lock";
			outputFileListPaths = (
			);
			outputPaths = (
				"$(DERIVED_FILE_DIR)/Pods-KnowThemAll-checkManifestLockResult.txt",
			);
			runOnlyForDeploymentPostprocessing = 0;
			shellPath = /bin/sh;
			shellScript = "diff \"${PODS_PODFILE_DIR_PATH}/Podfile.lock\" \"${PODS_ROOT}/Manifest.lock\" > /dev/null\nif [ $? != 0 ] ; then\n    # print error to STDERR\n    echo \"error: The sandbox is not in sync with the Podfile.lock. Run 'pod install' or update your CocoaPods installation.\" >&2\n    exit 1\nfi\n# This output is used by Xcode 'outputs' to avoid re-running this script phase.\necho \"SUCCESS\" > \"${SCRIPT_OUTPUT_FILE_0}\"\n";
			showEnvVarsInLog = 0;
		};
		549DBDC11A48EB4A6F4EE002 /* [CP] Embed Pods Frameworks */ = {
			isa = PBXShellScriptBuildPhase;
			buildActionMask = 2147483647;
			files = (
			);
			inputFileListPaths = (
				"${PODS_ROOT}/Target Support Files/Pods-KnowThemAll-KnowThemAllUITests/Pods-KnowThemAll-KnowThemAllUITests-frameworks-${CONFIGURATION}-input-files.xcfilelist",
			);
			name = "[CP] Embed Pods Frameworks";
			outputFileListPaths = (
				"${PODS_ROOT}/Target Support Files/Pods-KnowThemAll-KnowThemAllUITests/Pods-KnowThemAll-KnowThemAllUITests-frameworks-${CONFIGURATION}-output-files.xcfilelist",
			);
			runOnlyForDeploymentPostprocessing = 0;
			shellPath = /bin/sh;
			shellScript = "\"${PODS_ROOT}/Target Support Files/Pods-KnowThemAll-KnowThemAllUITests/Pods-KnowThemAll-KnowThemAllUITests-frameworks.sh\"\n";
			showEnvVarsInLog = 0;
		};
		569F35D13E271A19E6D1DD65 /* [CP] Check Pods Manifest.lock */ = {
			isa = PBXShellScriptBuildPhase;
			buildActionMask = 2147483647;
			files = (
			);
			inputFileListPaths = (
			);
			inputPaths = (
				"${PODS_PODFILE_DIR_PATH}/Podfile.lock",
				"${PODS_ROOT}/Manifest.lock",
			);
			name = "[CP] Check Pods Manifest.lock";
			outputFileListPaths = (
			);
			outputPaths = (
				"$(DERIVED_FILE_DIR)/Pods-KnowThemAll-KnowThemAllUITests-checkManifestLockResult.txt",
			);
			runOnlyForDeploymentPostprocessing = 0;
			shellPath = /bin/sh;
			shellScript = "diff \"${PODS_PODFILE_DIR_PATH}/Podfile.lock\" \"${PODS_ROOT}/Manifest.lock\" > /dev/null\nif [ $? != 0 ] ; then\n    # print error to STDERR\n    echo \"error: The sandbox is not in sync with the Podfile.lock. Run 'pod install' or update your CocoaPods installation.\" >&2\n    exit 1\nfi\n# This output is used by Xcode 'outputs' to avoid re-running this script phase.\necho \"SUCCESS\" > \"${SCRIPT_OUTPUT_FILE_0}\"\n";
			showEnvVarsInLog = 0;
		};
		64C95D2469F1062F63563B8C /* [CP] Embed Pods Frameworks */ = {
			isa = PBXShellScriptBuildPhase;
			buildActionMask = 2147483647;
			files = (
			);
			inputFileListPaths = (
				"${PODS_ROOT}/Target Support Files/Pods-KnowThemAllTests/Pods-KnowThemAllTests-frameworks-${CONFIGURATION}-input-files.xcfilelist",
			);
			name = "[CP] Embed Pods Frameworks";
			outputFileListPaths = (
				"${PODS_ROOT}/Target Support Files/Pods-KnowThemAllTests/Pods-KnowThemAllTests-frameworks-${CONFIGURATION}-output-files.xcfilelist",
			);
			runOnlyForDeploymentPostprocessing = 0;
			shellPath = /bin/sh;
			shellScript = "\"${PODS_ROOT}/Target Support Files/Pods-KnowThemAllTests/Pods-KnowThemAllTests-frameworks.sh\"\n";
			showEnvVarsInLog = 0;
		};
		D308E2D092775BCEFF1C3A53 /* [CP] Embed Pods Frameworks */ = {
			isa = PBXShellScriptBuildPhase;
			buildActionMask = 2147483647;
			files = (
			);
			inputFileListPaths = (
				"${PODS_ROOT}/Target Support Files/Pods-KnowThemAll/Pods-KnowThemAll-frameworks-${CONFIGURATION}-input-files.xcfilelist",
			);
			name = "[CP] Embed Pods Frameworks";
			outputFileListPaths = (
				"${PODS_ROOT}/Target Support Files/Pods-KnowThemAll/Pods-KnowThemAll-frameworks-${CONFIGURATION}-output-files.xcfilelist",
			);
			runOnlyForDeploymentPostprocessing = 0;
			shellPath = /bin/sh;
			shellScript = "\"${PODS_ROOT}/Target Support Files/Pods-KnowThemAll/Pods-KnowThemAll-frameworks.sh\"\n";
			showEnvVarsInLog = 0;
		};
		D8AF1EA2A14B575FE29E268E /* [CP] Check Pods Manifest.lock */ = {
			isa = PBXShellScriptBuildPhase;
			buildActionMask = 2147483647;
			files = (
			);
			inputFileListPaths = (
			);
			inputPaths = (
				"${PODS_PODFILE_DIR_PATH}/Podfile.lock",
				"${PODS_ROOT}/Manifest.lock",
			);
			name = "[CP] Check Pods Manifest.lock";
			outputFileListPaths = (
			);
			outputPaths = (
				"$(DERIVED_FILE_DIR)/Pods-KnowThemAllTests-checkManifestLockResult.txt",
			);
			runOnlyForDeploymentPostprocessing = 0;
			shellPath = /bin/sh;
			shellScript = "diff \"${PODS_PODFILE_DIR_PATH}/Podfile.lock\" \"${PODS_ROOT}/Manifest.lock\" > /dev/null\nif [ $? != 0 ] ; then\n    # print error to STDERR\n    echo \"error: The sandbox is not in sync with the Podfile.lock. Run 'pod install' or update your CocoaPods installation.\" >&2\n    exit 1\nfi\n# This output is used by Xcode 'outputs' to avoid re-running this script phase.\necho \"SUCCESS\" > \"${SCRIPT_OUTPUT_FILE_0}\"\n";
			showEnvVarsInLog = 0;
		};
/* End PBXShellScriptBuildPhase section */

/* Begin PBXSourcesBuildPhase section */
		93233D722A59C9ED001D28E5 /* Sources */ = {
			isa = PBXSourcesBuildPhase;
			buildActionMask = 2147483647;
			files = (
				93233DBB2A5C67F1001D28E5 /* PokeModel.swift in Sources */,
				93233DB12A5C5126001D28E5 /* Extensions.swift in Sources */,
				93DFF05E2A682BE100CE9647 /* PokeDetailViewModel.swift in Sources */,
				936F43512A5D879D00E90E0F /* PokeData.swift in Sources */,
				93DFF0622A69699F00CE9647 /* StatsTableViewCell.swift in Sources */,
				93233DAA2A5C4D5D001D28E5 /* MainScreen.swift in Sources */,
				9369CF052A5DB15600C70C9C /* HeaderView.swift in Sources */,
				93233D7A2A59C9ED001D28E5 /* AppDelegate.swift in Sources */,
				93DFF0602A683C3600CE9647 /* CustomSegmentedControl.swift in Sources */,
				93233D7C2A59C9ED001D28E5 /* SceneDelegate.swift in Sources */,
				93233DBD2A5C7486001D28E5 /* PokeManager.swift in Sources */,
				9369CF092A5DC1A300C70C9C /* PokeDetailView.swift in Sources */,
				93233DAF2A5C50DE001D28E5 /* PokeCell.swift in Sources */,
			);
			runOnlyForDeploymentPostprocessing = 0;
		};
		93233D882A59C9EF001D28E5 /* Sources */ = {
			isa = PBXSourcesBuildPhase;
			buildActionMask = 2147483647;
			files = (
				93233D912A59C9EF001D28E5 /* KnowThemAllTests.swift in Sources */,
			);
			runOnlyForDeploymentPostprocessing = 0;
		};
		93233D922A59C9EF001D28E5 /* Sources */ = {
			isa = PBXSourcesBuildPhase;
			buildActionMask = 2147483647;
			files = (
				93233D9B2A59C9EF001D28E5 /* KnowThemAllUITests.swift in Sources */,
				93233D9D2A59C9EF001D28E5 /* KnowThemAllUITestsLaunchTests.swift in Sources */,
			);
			runOnlyForDeploymentPostprocessing = 0;
		};
/* End PBXSourcesBuildPhase section */

/* Begin PBXTargetDependency section */
		93233D8E2A59C9EF001D28E5 /* PBXTargetDependency */ = {
			isa = PBXTargetDependency;
			target = 93233D752A59C9ED001D28E5 /* KnowThemAll */;
			targetProxy = 93233D8D2A59C9EF001D28E5 /* PBXContainerItemProxy */;
		};
		93233D982A59C9EF001D28E5 /* PBXTargetDependency */ = {
			isa = PBXTargetDependency;
			target = 93233D752A59C9ED001D28E5 /* KnowThemAll */;
			targetProxy = 93233D972A59C9EF001D28E5 /* PBXContainerItemProxy */;
		};
/* End PBXTargetDependency section */

/* Begin PBXVariantGroup section */
		93233D7F2A59C9EE001D28E5 /* Main.storyboard */ = {
			isa = PBXVariantGroup;
			children = (
				93233D802A59C9EE001D28E5 /* Base */,
			);
			name = Main.storyboard;
			sourceTree = "<group>";
		};
		93233D842A59C9EF001D28E5 /* LaunchScreen.storyboard */ = {
			isa = PBXVariantGroup;
			children = (
				93233D852A59C9EF001D28E5 /* Base */,
			);
			name = LaunchScreen.storyboard;
			sourceTree = "<group>";
		};
/* End PBXVariantGroup section */

/* Begin XCBuildConfiguration section */
		93233D9E2A59C9EF001D28E5 /* Debug */ = {
			isa = XCBuildConfiguration;
			buildSettings = {
				ALWAYS_SEARCH_USER_PATHS = NO;
				CLANG_ANALYZER_NONNULL = YES;
				CLANG_ANALYZER_NUMBER_OBJECT_CONVERSION = YES_AGGRESSIVE;
				CLANG_CXX_LANGUAGE_STANDARD = "gnu++20";
				CLANG_ENABLE_MODULES = YES;
				CLANG_ENABLE_OBJC_ARC = YES;
				CLANG_ENABLE_OBJC_WEAK = YES;
				CLANG_WARN_BLOCK_CAPTURE_AUTORELEASING = YES;
				CLANG_WARN_BOOL_CONVERSION = YES;
				CLANG_WARN_COMMA = YES;
				CLANG_WARN_CONSTANT_CONVERSION = YES;
				CLANG_WARN_DEPRECATED_OBJC_IMPLEMENTATIONS = YES;
				CLANG_WARN_DIRECT_OBJC_ISA_USAGE = YES_ERROR;
				CLANG_WARN_DOCUMENTATION_COMMENTS = YES;
				CLANG_WARN_EMPTY_BODY = YES;
				CLANG_WARN_ENUM_CONVERSION = YES;
				CLANG_WARN_INFINITE_RECURSION = YES;
				CLANG_WARN_INT_CONVERSION = YES;
				CLANG_WARN_NON_LITERAL_NULL_CONVERSION = YES;
				CLANG_WARN_OBJC_IMPLICIT_RETAIN_SELF = YES;
				CLANG_WARN_OBJC_LITERAL_CONVERSION = YES;
				CLANG_WARN_OBJC_ROOT_CLASS = YES_ERROR;
				CLANG_WARN_QUOTED_INCLUDE_IN_FRAMEWORK_HEADER = YES;
				CLANG_WARN_RANGE_LOOP_ANALYSIS = YES;
				CLANG_WARN_STRICT_PROTOTYPES = YES;
				CLANG_WARN_SUSPICIOUS_MOVE = YES;
				CLANG_WARN_UNGUARDED_AVAILABILITY = YES_AGGRESSIVE;
				CLANG_WARN_UNREACHABLE_CODE = YES;
				CLANG_WARN__DUPLICATE_METHOD_MATCH = YES;
				COPY_PHASE_STRIP = NO;
				DEBUG_INFORMATION_FORMAT = dwarf;
				ENABLE_STRICT_OBJC_MSGSEND = YES;
				ENABLE_TESTABILITY = YES;
				GCC_C_LANGUAGE_STANDARD = gnu11;
				GCC_DYNAMIC_NO_PIC = NO;
				GCC_NO_COMMON_BLOCKS = YES;
				GCC_OPTIMIZATION_LEVEL = 0;
				GCC_PREPROCESSOR_DEFINITIONS = (
					"DEBUG=1",
					"$(inherited)",
				);
				GCC_WARN_64_TO_32_BIT_CONVERSION = YES;
				GCC_WARN_ABOUT_RETURN_TYPE = YES_ERROR;
				GCC_WARN_UNDECLARED_SELECTOR = YES;
				GCC_WARN_UNINITIALIZED_AUTOS = YES_AGGRESSIVE;
				GCC_WARN_UNUSED_FUNCTION = YES;
				GCC_WARN_UNUSED_VARIABLE = YES;
				IPHONEOS_DEPLOYMENT_TARGET = 16.4;
				MTL_ENABLE_DEBUG_INFO = INCLUDE_SOURCE;
				MTL_FAST_MATH = YES;
				ONLY_ACTIVE_ARCH = YES;
				SDKROOT = iphoneos;
				SWIFT_ACTIVE_COMPILATION_CONDITIONS = DEBUG;
				SWIFT_OPTIMIZATION_LEVEL = "-Onone";
			};
			name = Debug;
		};
		93233D9F2A59C9EF001D28E5 /* Release */ = {
			isa = XCBuildConfiguration;
			buildSettings = {
				ALWAYS_SEARCH_USER_PATHS = NO;
				CLANG_ANALYZER_NONNULL = YES;
				CLANG_ANALYZER_NUMBER_OBJECT_CONVERSION = YES_AGGRESSIVE;
				CLANG_CXX_LANGUAGE_STANDARD = "gnu++20";
				CLANG_ENABLE_MODULES = YES;
				CLANG_ENABLE_OBJC_ARC = YES;
				CLANG_ENABLE_OBJC_WEAK = YES;
				CLANG_WARN_BLOCK_CAPTURE_AUTORELEASING = YES;
				CLANG_WARN_BOOL_CONVERSION = YES;
				CLANG_WARN_COMMA = YES;
				CLANG_WARN_CONSTANT_CONVERSION = YES;
				CLANG_WARN_DEPRECATED_OBJC_IMPLEMENTATIONS = YES;
				CLANG_WARN_DIRECT_OBJC_ISA_USAGE = YES_ERROR;
				CLANG_WARN_DOCUMENTATION_COMMENTS = YES;
				CLANG_WARN_EMPTY_BODY = YES;
				CLANG_WARN_ENUM_CONVERSION = YES;
				CLANG_WARN_INFINITE_RECURSION = YES;
				CLANG_WARN_INT_CONVERSION = YES;
				CLANG_WARN_NON_LITERAL_NULL_CONVERSION = YES;
				CLANG_WARN_OBJC_IMPLICIT_RETAIN_SELF = YES;
				CLANG_WARN_OBJC_LITERAL_CONVERSION = YES;
				CLANG_WARN_OBJC_ROOT_CLASS = YES_ERROR;
				CLANG_WARN_QUOTED_INCLUDE_IN_FRAMEWORK_HEADER = YES;
				CLANG_WARN_RANGE_LOOP_ANALYSIS = YES;
				CLANG_WARN_STRICT_PROTOTYPES = YES;
				CLANG_WARN_SUSPICIOUS_MOVE = YES;
				CLANG_WARN_UNGUARDED_AVAILABILITY = YES_AGGRESSIVE;
				CLANG_WARN_UNREACHABLE_CODE = YES;
				CLANG_WARN__DUPLICATE_METHOD_MATCH = YES;
				COPY_PHASE_STRIP = NO;
				DEBUG_INFORMATION_FORMAT = "dwarf-with-dsym";
				ENABLE_NS_ASSERTIONS = NO;
				ENABLE_STRICT_OBJC_MSGSEND = YES;
				GCC_C_LANGUAGE_STANDARD = gnu11;
				GCC_NO_COMMON_BLOCKS = YES;
				GCC_WARN_64_TO_32_BIT_CONVERSION = YES;
				GCC_WARN_ABOUT_RETURN_TYPE = YES_ERROR;
				GCC_WARN_UNDECLARED_SELECTOR = YES;
				GCC_WARN_UNINITIALIZED_AUTOS = YES_AGGRESSIVE;
				GCC_WARN_UNUSED_FUNCTION = YES;
				GCC_WARN_UNUSED_VARIABLE = YES;
				IPHONEOS_DEPLOYMENT_TARGET = 16.4;
				MTL_ENABLE_DEBUG_INFO = NO;
				MTL_FAST_MATH = YES;
				SDKROOT = iphoneos;
				SWIFT_COMPILATION_MODE = wholemodule;
				SWIFT_OPTIMIZATION_LEVEL = "-O";
				VALIDATE_PRODUCT = YES;
			};
			name = Release;
		};
		93233DA12A59C9EF001D28E5 /* Debug */ = {
			isa = XCBuildConfiguration;
			baseConfigurationReference = EFFDD86634BDAB4B8A3746A4 /* Pods-KnowThemAll.debug.xcconfig */;
			buildSettings = {
				ASSETCATALOG_COMPILER_APPICON_NAME = AppIcon;
				ASSETCATALOG_COMPILER_GLOBAL_ACCENT_COLOR_NAME = AccentColor;
				CODE_SIGN_STYLE = Automatic;
				CURRENT_PROJECT_VERSION = 1;
				DEVELOPMENT_TEAM = 63ZB4894ZK;
				GENERATE_INFOPLIST_FILE = YES;
				INFOPLIST_FILE = KnowThemAll/Info.plist;
				INFOPLIST_KEY_UIApplicationSupportsIndirectInputEvents = YES;
				INFOPLIST_KEY_UILaunchStoryboardName = LaunchScreen;
				INFOPLIST_KEY_UIMainStoryboardFile = Main;
				INFOPLIST_KEY_UISupportedInterfaceOrientations_iPad = "UIInterfaceOrientationPortrait UIInterfaceOrientationPortraitUpsideDown UIInterfaceOrientationLandscapeLeft UIInterfaceOrientationLandscapeRight";
				INFOPLIST_KEY_UISupportedInterfaceOrientations_iPhone = "UIInterfaceOrientationPortrait UIInterfaceOrientationLandscapeLeft UIInterfaceOrientationLandscapeRight";
				LD_RUNPATH_SEARCH_PATHS = (
					"$(inherited)",
					"@executable_path/Frameworks",
				);
				MARKETING_VERSION = 1.0;
				PRODUCT_BUNDLE_IDENTIFIER = com.testapp.KnowThemAll;
				PRODUCT_NAME = "$(TARGET_NAME)";
				SWIFT_EMIT_LOC_STRINGS = YES;
				SWIFT_VERSION = 5.0;
				TARGETED_DEVICE_FAMILY = "1,2";
			};
			name = Debug;
		};
		93233DA22A59C9EF001D28E5 /* Release */ = {
			isa = XCBuildConfiguration;
			baseConfigurationReference = B2A8ED3661011DC2C1135AC9 /* Pods-KnowThemAll.release.xcconfig */;
			buildSettings = {
				ASSETCATALOG_COMPILER_APPICON_NAME = AppIcon;
				ASSETCATALOG_COMPILER_GLOBAL_ACCENT_COLOR_NAME = AccentColor;
				CODE_SIGN_STYLE = Automatic;
				CURRENT_PROJECT_VERSION = 1;
				DEVELOPMENT_TEAM = 63ZB4894ZK;
				GENERATE_INFOPLIST_FILE = YES;
				INFOPLIST_FILE = KnowThemAll/Info.plist;
				INFOPLIST_KEY_UIApplicationSupportsIndirectInputEvents = YES;
				INFOPLIST_KEY_UILaunchStoryboardName = LaunchScreen;
				INFOPLIST_KEY_UIMainStoryboardFile = Main;
				INFOPLIST_KEY_UISupportedInterfaceOrientations_iPad = "UIInterfaceOrientationPortrait UIInterfaceOrientationPortraitUpsideDown UIInterfaceOrientationLandscapeLeft UIInterfaceOrientationLandscapeRight";
				INFOPLIST_KEY_UISupportedInterfaceOrientations_iPhone = "UIInterfaceOrientationPortrait UIInterfaceOrientationLandscapeLeft UIInterfaceOrientationLandscapeRight";
				LD_RUNPATH_SEARCH_PATHS = (
					"$(inherited)",
					"@executable_path/Frameworks",
				);
				MARKETING_VERSION = 1.0;
				PRODUCT_BUNDLE_IDENTIFIER = com.testapp.KnowThemAll;
				PRODUCT_NAME = "$(TARGET_NAME)";
				SWIFT_EMIT_LOC_STRINGS = YES;
				SWIFT_VERSION = 5.0;
				TARGETED_DEVICE_FAMILY = "1,2";
			};
			name = Release;
		};
		93233DA42A59C9EF001D28E5 /* Debug */ = {
			isa = XCBuildConfiguration;
			baseConfigurationReference = C075142805D032B84A5A56AD /* Pods-KnowThemAllTests.debug.xcconfig */;
			buildSettings = {
				ALWAYS_EMBED_SWIFT_STANDARD_LIBRARIES = YES;
				BUNDLE_LOADER = "$(TEST_HOST)";
				CODE_SIGN_STYLE = Automatic;
				CURRENT_PROJECT_VERSION = 1;
				DEVELOPMENT_TEAM = 63ZB4894ZK;
				GENERATE_INFOPLIST_FILE = YES;
				IPHONEOS_DEPLOYMENT_TARGET = 16.4;
				MARKETING_VERSION = 1.0;
				OTHER_SWIFT_FLAGS = "";
				PRODUCT_BUNDLE_IDENTIFIER = com.testapp.KnowThemAllTests;
				PRODUCT_NAME = "$(TARGET_NAME)";
				SWIFT_EMIT_LOC_STRINGS = NO;
				SWIFT_VERSION = 5.0;
				TARGETED_DEVICE_FAMILY = "1,2";
				TEST_HOST = "$(BUILT_PRODUCTS_DIR)/KnowThemAll.app/$(BUNDLE_EXECUTABLE_FOLDER_PATH)/KnowThemAll";
			};
			name = Debug;
		};
		93233DA52A59C9EF001D28E5 /* Release */ = {
			isa = XCBuildConfiguration;
			baseConfigurationReference = 61F80929AFD02EE52C3F84D0 /* Pods-KnowThemAllTests.release.xcconfig */;
			buildSettings = {
				ALWAYS_EMBED_SWIFT_STANDARD_LIBRARIES = YES;
				BUNDLE_LOADER = "$(TEST_HOST)";
				CODE_SIGN_STYLE = Automatic;
				CURRENT_PROJECT_VERSION = 1;
				DEVELOPMENT_TEAM = 63ZB4894ZK;
				GENERATE_INFOPLIST_FILE = YES;
				IPHONEOS_DEPLOYMENT_TARGET = 16.4;
				MARKETING_VERSION = 1.0;
				OTHER_SWIFT_FLAGS = "";
				PRODUCT_BUNDLE_IDENTIFIER = com.testapp.KnowThemAllTests;
				PRODUCT_NAME = "$(TARGET_NAME)";
				SWIFT_EMIT_LOC_STRINGS = NO;
				SWIFT_VERSION = 5.0;
				TARGETED_DEVICE_FAMILY = "1,2";
				TEST_HOST = "$(BUILT_PRODUCTS_DIR)/KnowThemAll.app/$(BUNDLE_EXECUTABLE_FOLDER_PATH)/KnowThemAll";
			};
			name = Release;
		};
		93233DA72A59C9EF001D28E5 /* Debug */ = {
			isa = XCBuildConfiguration;
			baseConfigurationReference = 5856526F21F7195DC64F304F /* Pods-KnowThemAll-KnowThemAllUITests.debug.xcconfig */;
			buildSettings = {
				ALWAYS_EMBED_SWIFT_STANDARD_LIBRARIES = YES;
				CODE_SIGN_STYLE = Automatic;
				CURRENT_PROJECT_VERSION = 1;
				DEVELOPMENT_TEAM = 63ZB4894ZK;
				GENERATE_INFOPLIST_FILE = YES;
				MARKETING_VERSION = 1.0;
				PRODUCT_BUNDLE_IDENTIFIER = com.testapp.KnowThemAllUITests;
				PRODUCT_NAME = "$(TARGET_NAME)";
				SWIFT_EMIT_LOC_STRINGS = NO;
				SWIFT_VERSION = 5.0;
				TARGETED_DEVICE_FAMILY = "1,2";
				TEST_TARGET_NAME = KnowThemAll;
			};
			name = Debug;
		};
		93233DA82A59C9EF001D28E5 /* Release */ = {
			isa = XCBuildConfiguration;
			baseConfigurationReference = 01BD707A708C08CCCA2FD299 /* Pods-KnowThemAll-KnowThemAllUITests.release.xcconfig */;
			buildSettings = {
				ALWAYS_EMBED_SWIFT_STANDARD_LIBRARIES = YES;
				CODE_SIGN_STYLE = Automatic;
				CURRENT_PROJECT_VERSION = 1;
				DEVELOPMENT_TEAM = 63ZB4894ZK;
				GENERATE_INFOPLIST_FILE = YES;
				MARKETING_VERSION = 1.0;
				PRODUCT_BUNDLE_IDENTIFIER = com.testapp.KnowThemAllUITests;
				PRODUCT_NAME = "$(TARGET_NAME)";
				SWIFT_EMIT_LOC_STRINGS = NO;
				SWIFT_VERSION = 5.0;
				TARGETED_DEVICE_FAMILY = "1,2";
				TEST_TARGET_NAME = KnowThemAll;
			};
			name = Release;
		};
/* End XCBuildConfiguration section */

/* Begin XCConfigurationList section */
		93233D712A59C9ED001D28E5 /* Build configuration list for PBXProject "KnowThemAll" */ = {
			isa = XCConfigurationList;
			buildConfigurations = (
				93233D9E2A59C9EF001D28E5 /* Debug */,
				93233D9F2A59C9EF001D28E5 /* Release */,
			);
			defaultConfigurationIsVisible = 0;
			defaultConfigurationName = Release;
		};
		93233DA02A59C9EF001D28E5 /* Build configuration list for PBXNativeTarget "KnowThemAll" */ = {
			isa = XCConfigurationList;
			buildConfigurations = (
				93233DA12A59C9EF001D28E5 /* Debug */,
				93233DA22A59C9EF001D28E5 /* Release */,
			);
			defaultConfigurationIsVisible = 0;
			defaultConfigurationName = Release;
		};
		93233DA32A59C9EF001D28E5 /* Build configuration list for PBXNativeTarget "KnowThemAllTests" */ = {
			isa = XCConfigurationList;
			buildConfigurations = (
				93233DA42A59C9EF001D28E5 /* Debug */,
				93233DA52A59C9EF001D28E5 /* Release */,
			);
			defaultConfigurationIsVisible = 0;
			defaultConfigurationName = Release;
		};
		93233DA62A59C9EF001D28E5 /* Build configuration list for PBXNativeTarget "KnowThemAllUITests" */ = {
			isa = XCConfigurationList;
			buildConfigurations = (
				93233DA72A59C9EF001D28E5 /* Debug */,
				93233DA82A59C9EF001D28E5 /* Release */,
			);
			defaultConfigurationIsVisible = 0;
			defaultConfigurationName = Release;
		};
/* End XCConfigurationList section */

/* Begin XCRemoteSwiftPackageReference section */
		93233DAB2A5C4FF6001D28E5 /* XCRemoteSwiftPackageReference "SnapKit" */ = {
			isa = XCRemoteSwiftPackageReference;
			repositoryURL = "https://github.com/SnapKit/SnapKit";
			requirement = {
				kind = upToNextMajorVersion;
				minimumVersion = 5.0.0;
			};
		};
		93DFF0632A6AD83D00CE9647 /* XCRemoteSwiftPackageReference "RxSwift" */ = {
			isa = XCRemoteSwiftPackageReference;
			repositoryURL = "https://github.com/ReactiveX/RxSwift";
			requirement = {
				kind = upToNextMajorVersion;
				minimumVersion = 6.0.0;
			};
		};
/* End XCRemoteSwiftPackageReference section */

/* Begin XCSwiftPackageProductDependency section */
		93233DAC2A5C4FF6001D28E5 /* SnapKit */ = {
			isa = XCSwiftPackageProductDependency;
			package = 93233DAB2A5C4FF6001D28E5 /* XCRemoteSwiftPackageReference "SnapKit" */;
			productName = SnapKit;
		};
		93DFF0642A6AD83D00CE9647 /* RxSwift */ = {
			isa = XCSwiftPackageProductDependency;
			package = 93DFF0632A6AD83D00CE9647 /* XCRemoteSwiftPackageReference "RxSwift" */;
			productName = RxSwift;
		};
/* End XCSwiftPackageProductDependency section */
	};
	rootObject = 93233D6E2A59C9ED001D28E5 /* Project object */;
}
